
Microsoft Visual Studio Solution File, Format Version 12.00
# Visual Studio Version 16
VisualStudioVersion = 16.0.34114.132
MinimumVisualStudioVersion = 10.0.40219.1
Project("{FAE04EC0-301F-11D3-BF4B-00C04F79EFBC}") = "Editor", "Editor\Editor.csproj", "{92C46CE4-950A-498E-8BC2-8487784794D0}"
EndProject
Global
	GlobalSection(SolutionConfigurationPlatforms) = preSolution
		Debug|Any CPU = Debug|Any CPU
		Release|Any CPU = Release|Any CPU
	EndGlobalSection
	GlobalSection(ProjectConfigurationPlatforms) = postSolution
		{92C46CE4-950A-498E-8BC2-8487784794D0}.Debug|Any CPU.ActiveCfg = Debug|Any CPU
		{92C46CE4-950A-498E-8BC2-8487784794D0}.Debug|Any CPU.Build.0 = Debug|Any CPU
		{92C46CE4-950A-498E-8BC2-8487784794D0}.Release|Any CPU.ActiveCfg = Release|Any CPU
		{92C46CE4-950A-498E-8BC2-8487784794D0}.Release|Any CPU.Build.0 = Release|Any CPU
	EndGlobalSection
	GlobalSection(SolutionProperties) = preSolution
		HideSolutionNode = FALSE
	EndGlobalSection
	GlobalSection(ExtensibilityGlobals) = postSolution
		SolutionGuid = {0A0E6561-4501-418F-8242-7B1503E9DBD4}
	EndGlobalSection
EndGlobal
